# This file is automatically @generated by Cargo.
# It is not intended for manual editing.
version = 4

[[package]]
name = "autocfg"
version = "1.5.0"
source = "registry+https://github.com/rust-lang/crates.io-index"
checksum = "c08606f8c3cbf4ce6ec8e28fb0014a2c086708fe954eaa885384a6165172e7e8"

[[package]]
name = "cfg-if"
version = "0.1.10"
source = "registry+https://github.com/rust-lang/crates.io-index"
checksum = "4785bdd1c96b2a846b2bd7cc02e86b6b3dbf14e7e53446c4f54c92a361040822"

[[package]]
name = "compiler_proj"
version = "0.1.0"
dependencies = [
 "ecs",
]

[[package]]
name = "ecs"
version = "0.1.0"
dependencies = [
 "typed-generational-arena",
]

[[package]]
name = "nonzero_ext"
version = "0.1.5"
source = "registry+https://github.com/rust-lang/crates.io-index"
checksum = "db1b4163932b207be6e3a06412aed4d84cca40dc087419f231b3a38cba2ca8e9"

[[package]]
name = "num-traits"
version = "0.2.19"
source = "registry+https://github.com/rust-lang/crates.io-index"
checksum = "071dfc062690e90b734c0b2273ce72ad0ffa95f0c74596bc250dcfd960262841"
dependencies = [
 "autocfg",
]

[[package]]
name = "typed-generational-arena"
version = "0.2.9"
source = "registry+https://github.com/rust-lang/crates.io-index"
checksum = "23107afb81ff70f7588dca56c1eeab4dad8b3a141b0e85d2a61fb575d1f12d62"
dependencies = [
 "cfg-if",
 "nonzero_ext",
 "num-traits",
]
